{
  "name": "scripts",
  "version": "1.0.0",
  "lockfileVersion": 2,
  "requires": true,
  "packages": {
    "": {
      "name": "scripts",
      "version": "1.0.0",
      "license": "ISC",
      "dependencies": {
        "convert-bech32-address": "^1.0.4"
      }
    },
    "node_modules/convert-bech32-address": {
      "version": "1.0.4",
      "resolved": "https://registry.npmjs.org/convert-bech32-address/-/convert-bech32-address-1.0.4.tgz",
      "integrity": "sha512-8W3XHBgQeKnmdi59U7byrJnHiEhXI7Zz4FcnxkHSAXZtaHraMMQfxO8M3VL4Kk1oT5CcM9Uz7ec1OC8Y/pbd5Q=="
    }
  },
  "dependencies": {
    "convert-bech32-address": {
      "version": "1.0.4",
      "resolved": "https://registry.npmjs.org/convert-bech32-address/-/convert-bech32-address-1.0.4.tgz",
      "integrity": "sha512-8W3XHBgQeKnmdi59U7byrJnHiEhXI7Zz4FcnxkHSAXZtaHraMMQfxO8M3VL4Kk1oT5CcM9Uz7ec1OC8Y/pbd5Q=="
    }
  }
}
